// !$*UTF8*$!
{
	archiveVersion = 1;
	classes = {
	};
	objectVersion = 50;
	objects = {

/* Begin PBXBuildFile section */
		75F2FB00234FC569006007D8 /* AppDelegate.m in Sources */ = {isa = PBXBuildFile; fileRef = 75F2FAFF234FC569006007D8 /* AppDelegate.m */; };
		75F2FB03234FC569006007D8 /* SceneDelegate.m in Sources */ = {isa = PBXBuildFile; fileRef = 75F2FB02234FC569006007D8 /* SceneDelegate.m */; };
		75F2FB0B234FC56A006007D8 /* Assets.xcassets in Resources */ = {isa = PBXBuildFile; fileRef = 75F2FB0A234FC56A006007D8 /* Assets.xcassets */; };
		75F2FB0E234FC56A006007D8 /* LaunchScreen.storyboard in Resources */ = {isa = PBXBuildFile; fileRef = 75F2FB0C234FC56A006007D8 /* LaunchScreen.storyboard */; };
		75F2FB11234FC56A006007D8 /* main.m in Sources */ = {isa = PBXBuildFile; fileRef = 75F2FB10234FC56A006007D8 /* main.m */; };
		75F2FB19234FC5E6006007D8 /* Main.storyboard in Resources */ = {isa = PBXBuildFile; fileRef = 75F2FB18234FC5E6006007D8 /* Main.storyboard */; };
		75F2FB1C234FC61E006007D8 /* BYCalculatorViewController.m in Sources */ = {isa = PBXBuildFile; fileRef = 75F2FB1B234FC61E006007D8 /* BYCalculatorViewController.m */; };
		75F2FB1F234FC651006007D8 /* BYStack.m in Sources */ = {isa = PBXBuildFile; fileRef = 75F2FB1E234FC651006007D8 /* BYStack.m */; };
		75F2FB22234FC922006007D8 /* BYCalculator.m in Sources */ = {isa = PBXBuildFile; fileRef = 75F2FB21234FC922006007D8 /* BYCalculator.m */; };
		75F2FB25234FF5F4006007D8 /* BYDigitAccumulator.m in Sources */ = {isa = PBXBuildFile; fileRef = 75F2FB24234FF5F4006007D8 /* BYDigitAccumulator.m */; };
/* End PBXBuildFile section */

/* Begin PBXFileReference section */
		75F2FAFB234FC569006007D8 /* PRN Calculator objc.app */ = {isa = PBXFileReference; explicitFileType = wrapper.application; includeInIndex = 0; path = "PRN Calculator objc.app"; sourceTree = BUILT_PRODUCTS_DIR; };
		75F2FAFE234FC569006007D8 /* AppDelegate.h */ = {isa = PBXFileReference; lastKnownFileType = sourcecode.c.h; path = AppDelegate.h; sourceTree = "<group>"; };
		75F2FAFF234FC569006007D8 /* AppDelegate.m */ = {isa = PBXFileReference; lastKnownFileType = sourcecode.c.objc; path = AppDelegate.m; sourceTree = "<group>"; };
		75F2FB01234FC569006007D8 /* SceneDelegate.h */ = {isa = PBXFileReference; lastKnownFileType = sourcecode.c.h; path = SceneDelegate.h; sourceTree = "<group>"; };
		75F2FB02234FC569006007D8 /* SceneDelegate.m */ = {isa = PBXFileReference; lastKnownFileType = sourcecode.c.objc; path = SceneDelegate.m; sourceTree = "<group>"; };
		75F2FB0A234FC56A006007D8 /* Assets.xcassets */ = {isa = PBXFileReference; lastKnownFileType = folder.assetcatalog; path = Assets.xcassets; sourceTree = "<group>"; };
		75F2FB0D234FC56A006007D8 /* Base */ = {isa = PBXFileReference; lastKnownFileType = file.storyboard; name = Base; path = Base.lproj/LaunchScreen.storyboard; sourceTree = "<group>"; };
		75F2FB0F234FC56A006007D8 /* Info.plist */ = {isa = PBXFileReference; lastKnownFileType = text.plist.xml; path = Info.plist; sourceTree = "<group>"; };
		75F2FB10234FC56A006007D8 /* main.m */ = {isa = PBXFileReference; lastKnownFileType = sourcecode.c.objc; path = main.m; sourceTree = "<group>"; };
		75F2FB18234FC5E6006007D8 /* Main.storyboard */ = {isa = PBXFileReference; fileEncoding = 4; lastKnownFileType = file.storyboard; path = Main.storyboard; sourceTree = "<group>"; };
		75F2FB1A234FC61E006007D8 /* BYCalculatorViewController.h */ = {isa = PBXFileReference; lastKnownFileType = sourcecode.c.h; path = BYCalculatorViewController.h; sourceTree = "<group>"; };
		75F2FB1B234FC61E006007D8 /* BYCalculatorViewController.m */ = {isa = PBXFileReference; lastKnownFileType = sourcecode.c.objc; path = BYCalculatorViewController.m; sourceTree = "<group>"; };
		75F2FB1D234FC651006007D8 /* BYStack.h */ = {isa = PBXFileReference; lastKnownFileType = sourcecode.c.h; path = BYStack.h; sourceTree = "<group>"; };
		75F2FB1E234FC651006007D8 /* BYStack.m */ = {isa = PBXFileReference; lastKnownFileType = sourcecode.c.objc; path = BYStack.m; sourceTree = "<group>"; };
		75F2FB20234FC922006007D8 /* BYCalculator.h */ = {isa = PBXFileReference; lastKnownFileType = sourcecode.c.h; path = BYCalculator.h; sourceTree = "<group>"; };
		75F2FB21234FC922006007D8 /* BYCalculator.m */ = {isa = PBXFileReference; lastKnownFileType = sourcecode.c.objc; path = BYCalculator.m; sourceTree = "<group>"; };
		75F2FB23234FF5F4006007D8 /* BYDigitAccumulator.h */ = {isa = PBXFileReference; lastKnownFileType = sourcecode.c.h; path = BYDigitAccumulator.h; sourceTree = "<group>"; };
		75F2FB24234FF5F4006007D8 /* BYDigitAccumulator.m */ = {isa = PBXFileReference; lastKnownFileType = sourcecode.c.objc; path = BYDigitAccumulator.m; sourceTree = "<group>"; };
/* End PBXFileReference section */

/* Begin PBXFrameworksBuildPhase section */
		75F2FAF8234FC569006007D8 /* Frameworks */ = {
			isa = PBXFrameworksBuildPhase;
			buildActionMask = 2147483647;
			files = (
			);
			runOnlyForDeploymentPostprocessing = 0;
		};
/* End PBXFrameworksBuildPhase section */

/* Begin PBXGroup section */
		75F2FAF2234FC569006007D8 = {
			isa = PBXGroup;
			children = (
				75F2FAFD234FC569006007D8 /* PRN Calculator objc */,
				75F2FAFC234FC569006007D8 /* Products */,
			);
			sourceTree = "<group>";
		};
		75F2FAFC234FC569006007D8 /* Products */ = {
			isa = PBXGroup;
			children = (
				75F2FAFB234FC569006007D8 /* PRN Calculator objc.app */,
			);
			name = Products;
			sourceTree = "<group>";
		};
		75F2FAFD234FC569006007D8 /* PRN Calculator objc */ = {
			isa = PBXGroup;
			children = (
				75F2FAFE234FC569006007D8 /* AppDelegate.h */,
				75F2FAFF234FC569006007D8 /* AppDelegate.m */,
				75F2FB01234FC569006007D8 /* SceneDelegate.h */,
				75F2FB02234FC569006007D8 /* SceneDelegate.m */,
				75F2FB0A234FC56A006007D8 /* Assets.xcassets */,
				75F2FB18234FC5E6006007D8 /* Main.storyboard */,
				75F2FB0C234FC56A006007D8 /* LaunchScreen.storyboard */,
				75F2FB0F234FC56A006007D8 /* Info.plist */,
				75F2FB10234FC56A006007D8 /* main.m */,
				75F2FB1A234FC61E006007D8 /* BYCalculatorViewController.h */,
				75F2FB1B234FC61E006007D8 /* BYCalculatorViewController.m */,
				75F2FB1D234FC651006007D8 /* BYStack.h */,
				75F2FB1E234FC651006007D8 /* BYStack.m */,
				75F2FB20234FC922006007D8 /* BYCalculator.h */,
				75F2FB21234FC922006007D8 /* BYCalculator.m */,
				75F2FB23234FF5F4006007D8 /* BYDigitAccumulator.h */,
				75F2FB24234FF5F4006007D8 /* BYDigitAccumulator.m */,
			);
			path = "PRN Calculator objc";
			sourceTree = "<group>";
		};
/* End PBXGroup section */

/* Begin PBXNativeTarget section */
		75F2FAFA234FC569006007D8 /* PRN Calculator objc */ = {
			isa = PBXNativeTarget;
			buildConfigurationList = 75F2FB14234FC56A006007D8 /* Build configuration list for PBXNativeTarget "PRN Calculator objc" */;
			buildPhases = (
				75F2FAF7234FC569006007D8 /* Sources */,
				75F2FAF8234FC569006007D8 /* Frameworks */,
				75F2FAF9234FC569006007D8 /* Resources */,
			);
			buildRules = (
			);
			dependencies = (
			);
			name = "PRN Calculator objc";
			productName = "PRN Calculator objc";
			productReference = 75F2FAFB234FC569006007D8 /* PRN Calculator objc.app */;
			productType = "com.apple.product-type.application";
		};
/* End PBXNativeTarget section */

/* Begin PBXProject section */
		75F2FAF3234FC569006007D8 /* Project object */ = {
			isa = PBXProject;
			attributes = {
				CLASSPREFIX = BY;
				LastUpgradeCheck = 1100;
				ORGANIZATIONNAME = bradleyyin;
				TargetAttributes = {
					75F2FAFA234FC569006007D8 = {
						CreatedOnToolsVersion = 11.0;
					};
				};
			};
			buildConfigurationList = 75F2FAF6234FC569006007D8 /* Build configuration list for PBXProject "PRN Calculator objc" */;
			compatibilityVersion = "Xcode 9.3";
			developmentRegion = en;
			hasScannedForEncodings = 0;
			knownRegions = (
				en,
				Base,
			);
			mainGroup = 75F2FAF2234FC569006007D8;
			productRefGroup = 75F2FAFC234FC569006007D8 /* Products */;
			projectDirPath = "";
			projectRoot = "";
			targets = (
				75F2FAFA234FC569006007D8 /* PRN Calculator objc */,
			);
		};
/* End PBXProject section */

/* Begin PBXResourcesBuildPhase section */
		75F2FAF9234FC569006007D8 /* Resources */ = {
			isa = PBXResourcesBuildPhase;
			buildActionMask = 2147483647;
			files = (
				75F2FB19234FC5E6006007D8 /* Main.storyboard in Resources */,
				75F2FB0E234FC56A006007D8 /* LaunchScreen.storyboard in Resources */,
				75F2FB0B234FC56A006007D8 /* Assets.xcassets in Resources */,
			);
			runOnlyForDeploymentPostprocessing = 0;
		};
/* End PBXResourcesBuildPhase section */

/* Begin PBXSourcesBuildPhase section */
		75F2FAF7234FC569006007D8 /* Sources */ = {
			isa = PBXSourcesBuildPhase;
			buildActionMask = 2147483647;
			files = (
				75F2FB00234FC569006007D8 /* AppDelegate.m in Sources */,
				75F2FB11234FC56A006007D8 /* main.m in Sources */,
				75F2FB22234FC922006007D8 /* BYCalculator.m in Sources */,
				75F2FB03234FC569006007D8 /* SceneDelegate.m in Sources */,
				75F2FB1F234FC651006007D8 /* BYStack.m in Sources */,
				75F2FB1C234FC61E006007D8 /* BYCalculatorViewController.m in Sources */,
				75F2FB25234FF5F4006007D8 /* BYDigitAccumulator.m in Sources */,
			);
			runOnlyForDeploymentPostprocessing = 0;
		};
/* End PBXSourcesBuildPhase section */

/* Begin PBXVariantGroup section */
		75F2FB0C234FC56A006007D8 /* LaunchScreen.storyboard */ = {
			isa = PBXVariantGroup;
			children = (
				75F2FB0D234FC56A006007D8 /* Base */,
			);
			name = LaunchScreen.storyboard;
			sourceTree = "<group>";
		};
/* End PBXVariantGroup section */

/* Begin XCBuildConfiguration section */
		75F2FB12234FC56A006007D8 /* Debug */ = {
			isa = XCBuildConfiguration;
			buildSettings = {
				ALWAYS_SEARCH_USER_PATHS = NO;
				CLANG_ANALYZER_NONNULL = YES;
				CLANG_ANALYZER_NUMBER_OBJECT_CONVERSION = YES_AGGRESSIVE;
				CLANG_CXX_LANGUAGE_STANDARD = "gnu++14";
				CLANG_CXX_LIBRARY = "libc++";
				CLANG_ENABLE_MODULES = YES;
				CLANG_ENABLE_OBJC_ARC = YES;
				CLANG_ENABLE_OBJC_WEAK = YES;
				CLANG_WARN_BLOCK_CAPTURE_AUTORELEASING = YES;
				CLANG_WARN_BOOL_CONVERSION = YES;
				CLANG_WARN_COMMA = YES;
				CLANG_WARN_CONSTANT_CONVERSION = YES;
				CLANG_WARN_DEPRECATED_OBJC_IMPLEMENTATIONS = YES;
				CLANG_WARN_DIRECT_OBJC_ISA_USAGE = YES_ERROR;
				CLANG_WARN_DOCUMENTATION_COMMENTS = YES;
				CLANG_WARN_EMPTY_BODY = YES;
				CLANG_WARN_ENUM_CONVERSION = YES;
				CLANG_WARN_INFINITE_RECURSION = YES;
				CLANG_WARN_INT_CONVERSION = YES;
				CLANG_WARN_NON_LITERAL_NULL_CONVERSION = YES;
				CLANG_WARN_OBJC_IMPLICIT_RETAIN_SELF = YES;
				CLANG_WARN_OBJC_LITERAL_CONVERSION = YES;
				CLANG_WARN_OBJC_ROOT_CLASS = YES_ERROR;
				CLANG_WARN_RANGE_LOOP_ANALYSIS = YES;
				CLANG_WARN_STRICT_PROTOTYPES = YES;
				CLANG_WARN_SUSPICIOUS_MOVE = YES;
				CLANG_WARN_UNGUARDED_AVAILABILITY = YES_AGGRESSIVE;
				CLANG_WARN_UNREACHABLE_CODE = YES;
				CLANG_WARN__DUPLICATE_METHOD_MATCH = YES;
				COPY_PHASE_STRIP = NO;
				DEBUG_INFORMATION_FORMAT = dwarf;
				ENABLE_STRICT_OBJC_MSGSEND = YES;
				ENABLE_TESTABILITY = YES;
				GCC_C_LANGUAGE_STANDARD = gnu11;
				GCC_DYNAMIC_NO_PIC = NO;
				GCC_NO_COMMON_BLOCKS = YES;
				GCC_OPTIMIZATION_LEVEL = 0;
				GCC_PREPROCESSOR_DEFINITIONS = (
					"DEBUG=1",
					"$(inherited)",
				);
				GCC_WARN_64_TO_32_BIT_CONVERSION = YES;
				GCC_WARN_ABOUT_RETURN_TYPE = YES_ERROR;
				GCC_WARN_UNDECLARED_SELECTOR = YES;
				GCC_WARN_UNINITIALIZED_AUTOS = YES_AGGRESSIVE;
				GCC_WARN_UNUSED_FUNCTION = YES;
				GCC_WARN_UNUSED_VARIABLE = YES;
				IPHONEOS_DEPLOYMENT_TARGET = 13.0;
				MTL_ENABLE_DEBUG_INFO = INCLUDE_SOURCE;
				MTL_FAST_MATH = YES;
				ONLY_ACTIVE_ARCH = YES;
				SDKROOT = iphoneos;
			};
			name = Debug;
		};
		75F2FB13234FC56A006007D8 /* Release */ = {
			isa = XCBuildConfiguration;
			buildSettings = {
				ALWAYS_SEARCH_USER_PATHS = NO;
				CLANG_ANALYZER_NONNULL = YES;
				CLANG_ANALYZER_NUMBER_OBJECT_CONVERSION = YES_AGGRESSIVE;
				CLANG_CXX_LANGUAGE_STANDARD = "gnu++14";
				CLANG_CXX_LIBRARY = "libc++";
				CLANG_ENABLE_MODULES = YES;
				CLANG_ENABLE_OBJC_ARC = YES;
				CLANG_ENABLE_OBJC_WEAK = YES;
				CLANG_WARN_BLOCK_CAPTURE_AUTORELEASING = YES;
				CLANG_WARN_BOOL_CONVERSION = YES;
				CLANG_WARN_COMMA = YES;
				CLANG_WARN_CONSTANT_CONVERSION = YES;
				CLANG_WARN_DEPRECATED_OBJC_IMPLEMENTATIONS = YES;
				CLANG_WARN_DIRECT_OBJC_ISA_USAGE = YES_ERROR;
				CLANG_WARN_DOCUMENTATION_COMMENTS = YES;
				CLANG_WARN_EMPTY_BODY = YES;
				CLANG_WARN_ENUM_CONVERSION = YES;
				CLANG_WARN_INFINITE_RECURSION = YES;
				CLANG_WARN_INT_CONVERSION = YES;
				CLANG_WARN_NON_LITERAL_NULL_CONVERSION = YES;
				CLANG_WARN_OBJC_IMPLICIT_RETAIN_SELF = YES;
				CLANG_WARN_OBJC_LITERAL_CONVERSION = YES;
				CLANG_WARN_OBJC_ROOT_CLASS = YES_ERROR;
				CLANG_WARN_RANGE_LOOP_ANALYSIS = YES;
				CLANG_WARN_STRICT_PROTOTYPES = YES;
				CLANG_WARN_SUSPICIOUS_MOVE = YES;
				CLANG_WARN_UNGUARDED_AVAILABILITY = YES_AGGRESSIVE;
				CLANG_WARN_UNREACHABLE_CODE = YES;
				CLANG_WARN__DUPLICATE_METHOD_MATCH = YES;
				COPY_PHASE_STRIP = NO;
				DEBUG_INFORMATION_FORMAT = "dwarf-with-dsym";
				ENABLE_NS_ASSERTIONS = NO;
				ENABLE_STRICT_OBJC_MSGSEND = YES;
				GCC_C_LANGUAGE_STANDARD = gnu11;
				GCC_NO_COMMON_BLOCKS = YES;
				GCC_WARN_64_TO_32_BIT_CONVERSION = YES;
				GCC_WARN_ABOUT_RETURN_TYPE = YES_ERROR;
				GCC_WARN_UNDECLARED_SELECTOR = YES;
				GCC_WARN_UNINITIALIZED_AUTOS = YES_AGGRESSIVE;
				GCC_WARN_UNUSED_FUNCTION = YES;
				GCC_WARN_UNUSED_VARIABLE = YES;
				IPHONEOS_DEPLOYMENT_TARGET = 13.0;
				MTL_ENABLE_DEBUG_INFO = NO;
				MTL_FAST_MATH = YES;
				SDKROOT = iphoneos;
				VALIDATE_PRODUCT = YES;
			};
			name = Release;
		};
		75F2FB15234FC56A006007D8 /* Debug */ = {
			isa = XCBuildConfiguration;
			buildSettings = {
				ASSETCATALOG_COMPILER_APPICON_NAME = AppIcon;
				CODE_SIGN_STYLE = Automatic;
				DEVELOPMENT_TEAM = 8367QTYVY6;
				INFOPLIST_FILE = "PRN Calculator objc/Info.plist";
				LD_RUNPATH_SEARCH_PATHS = (
					"$(inherited)",
					"@executable_path/Frameworks",
				);
				PRODUCT_BUNDLE_IDENTIFIER = "com.bradleyyin.PRN-Calculator-objc";
				PRODUCT_NAME = "$(TARGET_NAME)";
				TARGETED_DEVICE_FAMILY = "1,2";
			};
			name = Debug;
		};
		75F2FB16234FC56A006007D8 /* Release */ = {
			isa = XCBuildConfiguration;
			buildSettings = {
				ASSETCATALOG_COMPILER_APPICON_NAME = AppIcon;
				CODE_SIGN_STYLE = Automatic;
				DEVELOPMENT_TEAM = 8367QTYVY6;
				INFOPLIST_FILE = "PRN Calculator objc/Info.plist";
				LD_RUNPATH_SEARCH_PATHS = (
					"$(inherited)",
					"@executable_path/Frameworks",
				);
				PRODUCT_BUNDLE_IDENTIFIER = "com.bradleyyin.PRN-Calculator-objc";
				PRODUCT_NAME = "$(TARGET_NAME)";
				TARGETED_DEVICE_FAMILY = "1,2";
			};
			name = Release;
		};
/* End XCBuildConfiguration section */

/* Begin XCConfigurationList section */
		75F2FAF6234FC569006007D8 /* Build configuration list for PBXProject "PRN Calculator objc" */ = {
			isa = XCConfigurationList;
			buildConfigurations = (
				75F2FB12234FC56A006007D8 /* Debug */,
				75F2FB13234FC56A006007D8 /* Release */,
			);
			defaultConfigurationIsVisible = 0;
			defaultConfigurationName = Release;
		};
		75F2FB14234FC56A006007D8 /* Build configuration list for PBXNativeTarget "PRN Calculator objc" */ = {
			isa = XCConfigurationList;
			buildConfigurations = (
				75F2FB15234FC56A006007D8 /* Debug */,
				75F2FB16234FC56A006007D8 /* Release */,
			);
			defaultConfigurationIsVisible = 0;
			defaultConfigurationName = Release;
		};
/* End XCConfigurationList section */
	};
	rootObject = 75F2FAF3234FC569006007D8 /* Project object */;
}
